
Microsoft Visual Studio Solution File, Format Version 12.00
# Visual Studio Version 17
VisualStudioVersion = 17.1.32210.238
MinimumVisualStudioVersion = 10.0.40219.1
Project("{FAE04EC0-301F-11D3-BF4B-00C04F79EFBC}") = "SpeechRecognition_WindowsFormsApp", "SpeechRecognition_WindowsFormsApp\SpeechRecognition_WindowsFormsApp.csproj", "{C14D1759-7BED-4952-B4F7-0891345119C7}"
EndProject
Global
	GlobalSection(SolutionConfigurationPlatforms) = preSolution
		Debug|Any CPU = Debug|Any CPU
		Release|Any CPU = Release|Any CPU
	EndGlobalSection
	GlobalSection(ProjectConfigurationPlatforms) = postSolution
		{C14D1759-7BED-4952-B4F7-0891345119C7}.Debug|Any CPU.ActiveCfg = Debug|Any CPU
		{C14D1759-7BED-4952-B4F7-0891345119C7}.Debug|Any CPU.Build.0 = Debug|Any CPU
		{C14D1759-7BED-4952-B4F7-0891345119C7}.Release|Any CPU.ActiveCfg = Release|Any CPU
		{C14D1759-7BED-4952-B4F7-0891345119C7}.Release|Any CPU.Build.0 = Release|Any CPU
	EndGlobalSection
	GlobalSection(SolutionProperties) = preSolution
		HideSolutionNode = FALSE
	EndGlobalSection
	GlobalSection(ExtensibilityGlobals) = postSolution
		SolutionGuid = {ECE68FEA-6980-4DA3-BC2D-77EDE913FA46}
	EndGlobalSection
EndGlobal
