
Microsoft Visual Studio Solution File, Format Version 12.00
# Visual Studio Version 17
VisualStudioVersion = 17.1.32210.238
MinimumVisualStudioVersion = 10.0.40219.1
Project("{FAE04EC0-301F-11D3-BF4B-00C04F79EFBC}") = "CRUD_DateTimePicker_WithDB_WindowsFormsApp", "CRUD_DateTimePicker_WithDB_WindowsFormsApp\CRUD_DateTimePicker_WithDB_WindowsFormsApp.csproj", "{95ECC7C5-2AD7-4279-BC82-7DBCCB3458A5}"
EndProject
Global
	GlobalSection(SolutionConfigurationPlatforms) = preSolution
		Debug|Any CPU = Debug|Any CPU
		Release|Any CPU = Release|Any CPU
	EndGlobalSection
	GlobalSection(ProjectConfigurationPlatforms) = postSolution
		{95ECC7C5-2AD7-4279-BC82-7DBCCB3458A5}.Debug|Any CPU.ActiveCfg = Debug|Any CPU
		{95ECC7C5-2AD7-4279-BC82-7DBCCB3458A5}.Debug|Any CPU.Build.0 = Debug|Any CPU
		{95ECC7C5-2AD7-4279-BC82-7DBCCB3458A5}.Release|Any CPU.ActiveCfg = Release|Any CPU
		{95ECC7C5-2AD7-4279-BC82-7DBCCB3458A5}.Release|Any CPU.Build.0 = Release|Any CPU
	EndGlobalSection
	GlobalSection(SolutionProperties) = preSolution
		HideSolutionNode = FALSE
	EndGlobalSection
	GlobalSection(ExtensibilityGlobals) = postSolution
		SolutionGuid = {C16ABFAB-AE81-4BA2-BB80-4C6A3FD8FE19}
	EndGlobalSection
EndGlobal
