
Microsoft Visual Studio Solution File, Format Version 12.00
# Visual Studio Version 17
VisualStudioVersion = 17.1.32210.238
MinimumVisualStudioVersion = 10.0.40219.1
Project("{FAE04EC0-301F-11D3-BF4B-00C04F79EFBC}") = "CRUD_InIdentityColumn_DB_WindowsFormsApp", "CRUD_InIdentityColumn_DB_WindowsFormsApp\CRUD_InIdentityColumn_DB_WindowsFormsApp.csproj", "{3481FAF0-9539-4C49-B6E7-3EBEFAEEEB9E}"
EndProject
Global
	GlobalSection(SolutionConfigurationPlatforms) = preSolution
		Debug|Any CPU = Debug|Any CPU
		Release|Any CPU = Release|Any CPU
	EndGlobalSection
	GlobalSection(ProjectConfigurationPlatforms) = postSolution
		{3481FAF0-9539-4C49-B6E7-3EBEFAEEEB9E}.Debug|Any CPU.ActiveCfg = Debug|Any CPU
		{3481FAF0-9539-4C49-B6E7-3EBEFAEEEB9E}.Debug|Any CPU.Build.0 = Debug|Any CPU
		{3481FAF0-9539-4C49-B6E7-3EBEFAEEEB9E}.Release|Any CPU.ActiveCfg = Release|Any CPU
		{3481FAF0-9539-4C49-B6E7-3EBEFAEEEB9E}.Release|Any CPU.Build.0 = Release|Any CPU
	EndGlobalSection
	GlobalSection(SolutionProperties) = preSolution
		HideSolutionNode = FALSE
	EndGlobalSection
	GlobalSection(ExtensibilityGlobals) = postSolution
		SolutionGuid = {9AFB6880-9CCD-431C-A57E-1692E6889E7C}
	EndGlobalSection
EndGlobal
