
Microsoft Visual Studio Solution File, Format Version 12.00
# Visual Studio Version 17
VisualStudioVersion = 17.1.32210.238
MinimumVisualStudioVersion = 10.0.40219.1
Project("{FAE04EC0-301F-11D3-BF4B-00C04F79EFBC}") = "Sending_Email_WithAttachment_WindowsFormsApp", "Sending_Email_WithAttachment_WindowsFormsApp\Sending_Email_WithAttachment_WindowsFormsApp.csproj", "{A53BC27D-B022-41ED-B9FB-1CB4A56C5E7A}"
EndProject
Global
	GlobalSection(SolutionConfigurationPlatforms) = preSolution
		Debug|Any CPU = Debug|Any CPU
		Release|Any CPU = Release|Any CPU
	EndGlobalSection
	GlobalSection(ProjectConfigurationPlatforms) = postSolution
		{A53BC27D-B022-41ED-B9FB-1CB4A56C5E7A}.Debug|Any CPU.ActiveCfg = Debug|Any CPU
		{A53BC27D-B022-41ED-B9FB-1CB4A56C5E7A}.Debug|Any CPU.Build.0 = Debug|Any CPU
		{A53BC27D-B022-41ED-B9FB-1CB4A56C5E7A}.Release|Any CPU.ActiveCfg = Release|Any CPU
		{A53BC27D-B022-41ED-B9FB-1CB4A56C5E7A}.Release|Any CPU.Build.0 = Release|Any CPU
	EndGlobalSection
	GlobalSection(SolutionProperties) = preSolution
		HideSolutionNode = FALSE
	EndGlobalSection
	GlobalSection(ExtensibilityGlobals) = postSolution
		SolutionGuid = {85C70732-9664-4A7D-84F0-9A63E29F5366}
	EndGlobalSection
EndGlobal
